
Microsoft Visual Studio Solution File, Format Version 12.00
# Visual Studio Version 17
VisualStudioVersion = 17.14.36623.8
MinimumVisualStudioVersion = 10.0.40219.1
Project("{FAE04EC0-301F-11D3-BF4B-00C04F79EFBC}") = "Library.Web", "Library.Web\Library.Web.csproj", "{A6D65CE5-2C65-2E5E-1DD1-40F4D6847D4B}"
EndProject
Project("{FAE04EC0-301F-11D3-BF4B-00C04F79EFBC}") = "Library.WebApi", "Library.WebApi\Library.WebApi.csproj", "{F6A2B330-EE04-F73C-697D-3BF1FA197D0B}"
EndProject
Project("{FAE04EC0-301F-11D3-BF4B-00C04F79EFBC}") = "Library.NotificationService2", "Library.NotificationService2\Library.NotificationService2.csproj", "{16F9AA9C-DE8B-F4D2-0D82-B0F3C5C8CA96}"
EndProject
Global
	GlobalSection(SolutionConfigurationPlatforms) = preSolution
		Debug|Any CPU = Debug|Any CPU
		Release|Any CPU = Release|Any CPU
	EndGlobalSection
	GlobalSection(ProjectConfigurationPlatforms) = postSolution
		{A6D65CE5-2C65-2E5E-1DD1-40F4D6847D4B}.Debug|Any CPU.ActiveCfg = Debug|Any CPU
		{A6D65CE5-2C65-2E5E-1DD1-40F4D6847D4B}.Debug|Any CPU.Build.0 = Debug|Any CPU
		{A6D65CE5-2C65-2E5E-1DD1-40F4D6847D4B}.Release|Any CPU.ActiveCfg = Release|Any CPU
		{A6D65CE5-2C65-2E5E-1DD1-40F4D6847D4B}.Release|Any CPU.Build.0 = Release|Any CPU
		{F6A2B330-EE04-F73C-697D-3BF1FA197D0B}.Debug|Any CPU.ActiveCfg = Debug|Any CPU
		{F6A2B330-EE04-F73C-697D-3BF1FA197D0B}.Debug|Any CPU.Build.0 = Debug|Any CPU
		{F6A2B330-EE04-F73C-697D-3BF1FA197D0B}.Release|Any CPU.ActiveCfg = Release|Any CPU
		{F6A2B330-EE04-F73C-697D-3BF1FA197D0B}.Release|Any CPU.Build.0 = Release|Any CPU
		{16F9AA9C-DE8B-F4D2-0D82-B0F3C5C8CA96}.Debug|Any CPU.ActiveCfg = Debug|Any CPU
		{16F9AA9C-DE8B-F4D2-0D82-B0F3C5C8CA96}.Debug|Any CPU.Build.0 = Debug|Any CPU
		{16F9AA9C-DE8B-F4D2-0D82-B0F3C5C8CA96}.Release|Any CPU.ActiveCfg = Release|Any CPU
		{16F9AA9C-DE8B-F4D2-0D82-B0F3C5C8CA96}.Release|Any CPU.Build.0 = Release|Any CPU
	EndGlobalSection
	GlobalSection(SolutionProperties) = preSolution
		HideSolutionNode = FALSE
	EndGlobalSection
	GlobalSection(ExtensibilityGlobals) = postSolution
		SolutionGuid = {A23A282B-9BBD-48AF-9BF6-86893A7BF2F2}
	EndGlobalSection
EndGlobal
